{
  "name": "office-relay",
  "version": "0.1.0",
  "lockfileVersion": 3,
  "requires": true,
  "packages": {
    "": {
      "name": "office-relay",
      "version": "0.1.0",
      "license": "MIT",
      "bin": {
        "office-relay": "office/relay.mjs",
        "office-relay-cli": "office/office.mjs"
      },
      "devDependencies": {
        "pixtuoid": "^0.11.1"
      }
    },
    "node_modules/@pixtuoid/cli-darwin-arm64": {
      "version": "0.11.1",
      "resolved": "https://registry.npmmirror.com/@pixtuoid/cli-darwin-arm64/-/cli-darwin-arm64-0.11.1.tgz",
      "integrity": "sha512-iCGpmAJyVxKM3mpO9uhSQQmvobJMCmFJBU0HUxULS1KKZhcEf0bDXcbSYcvzvr9DsBbDqYb5f5yZJQ4F4ZbCyA==",
      "cpu": [
        "arm64"
      ],
      "dev": true,
      "license": "MIT",
      "optional": true,
      "os": [
        "darwin"
      ]
    },
    "node_modules/@pixtuoid/cli-darwin-x64": {
      "version": "0.11.1",
      "resolved": "https://registry.npmmirror.com/@pixtuoid/cli-darwin-x64/-/cli-darwin-x64-0.11.1.tgz",
      "integrity": "sha512-/yzfNhZh1lN2TRW2vRob86q+LdeuZBpmiZ1Zgh7PpKxXBPYrDNTE71dmOGsuVe3Z4C+0liyvaPr+48Lsv0g+5w==",
      "cpu": [
        "x64"
      ],
      "dev": true,
      "license": "MIT",
      "optional": true,
      "os": [
        "darwin"
      ]
    },
    "node_modules/@pixtuoid/cli-linux-arm64": {
      "version": "0.11.1",
      "resolved": "https://registry.npmmirror.com/@pixtuoid/cli-linux-arm64/-/cli-linux-arm64-0.11.1.tgz",
      "integrity": "sha512-XedH14wRdsdLZQ0SlaowDxF39xWjzOx5LAfB1KG9UBmGO96sejqTfhWGlcTGuepfMA9v3iUPSmVRuFWdR8BLyw==",
      "cpu": [
        "arm64"
      ],
      "dev": true,
      "license": "MIT",
      "optional": true,
      "os": [
        "linux"
      ]
    },
    "node_modules/@pixtuoid/cli-linux-x64": {
      "version": "0.11.1",
      "resolved": "https://registry.npmmirror.com/@pixtuoid/cli-linux-x64/-/cli-linux-x64-0.11.1.tgz",
      "integrity": "sha512-ypoZVt8sZgX/HVqBG0g//3Wf1VpNT5kQ4w4AFVJBnGEPLTVfXAB6k4Iidd6DASij+HjlM04H6ffwXDlA1PUw1w==",
      "cpu": [
        "x64"
      ],
      "dev": true,
      "license": "MIT",
      "optional": true,
      "os": [
        "linux"
      ]
    },
    "node_modules/@pixtuoid/cli-win32-arm64": {
      "version": "0.11.1",
      "resolved": "https://registry.npmmirror.com/@pixtuoid/cli-win32-arm64/-/cli-win32-arm64-0.11.1.tgz",
      "integrity": "sha512-y4rAUBCJOn4z/x3LR3CaSBEbTBbjau+8/aGgIzTa743OpcBfju5LxTIIXIIlY8G5Pew41voq8jq84xFj4t2GRg==",
      "cpu": [
        "arm64"
      ],
      "dev": true,
      "license": "MIT",
      "optional": true,
      "os": [
        "win32"
      ]
    },
    "node_modules/@pixtuoid/cli-win32-x64": {
      "version": "0.11.1",
      "resolved": "https://registry.npmmirror.com/@pixtuoid/cli-win32-x64/-/cli-win32-x64-0.11.1.tgz",
      "integrity": "sha512-OYffSMwuRRXFoe2X7US8APpeSIqiln7eeMUfnbWUl5Y1LgyMEQHlOAMn3eZJ8KeRi+CWvOLEyEGsRhvbInKBUw==",
      "cpu": [
        "x64"
      ],
      "dev": true,
      "license": "MIT",
      "optional": true,
      "os": [
        "win32"
      ]
    },
    "node_modules/pixtuoid": {
      "version": "0.11.1",
      "resolved": "https://registry.npmmirror.com/pixtuoid/-/pixtuoid-0.11.1.tgz",
      "integrity": "sha512-29zkshMnELiNs1Cxqt7y/s1U6PFTdAVnKFV5900XPZ++feDyJ+p5iIMBg8RZTVh034H1K4GnqfV9GnaBgMPX4Q==",
      "dev": true,
      "license": "MIT",
      "bin": {
        "pixtuoid": "bin/pixtuoid",
        "pixtuoid-hook": "bin/pixtuoid-hook"
      },
      "optionalDependencies": {
        "@pixtuoid/cli-darwin-arm64": "0.11.1",
        "@pixtuoid/cli-darwin-x64": "0.11.1",
        "@pixtuoid/cli-linux-arm64": "0.11.1",
        "@pixtuoid/cli-linux-x64": "0.11.1",
        "@pixtuoid/cli-win32-arm64": "0.11.1",
        "@pixtuoid/cli-win32-x64": "0.11.1"
      }
    }
  }
}
